
Microsoft Visual Studio Solution File, Format Version 12.00
# Visual Studio Version 17
VisualStudioVersion = 17.4.33213.308
MinimumVisualStudioVersion = 10.0.40219.1
Project("{9A19103F-16F7-4668-BE54-9A1E7A4F7556}") = "SortFolders", "SortFolders\SortFolders.csproj", "{F78DDBB7-5A4C-4843-B012-D755B098F9AE}"
EndProject
Project("{2150E333-8FDC-42A3-9474-1A3956D46DE8}") = "Éléments de solution", "Éléments de solution", "{06A6EF02-A7C8-4CB0-A262-103AB635A426}"
	ProjectSection(SolutionItems) = preProject
		README.MD = README.MD
	EndProjectSection
EndProject
Global
	GlobalSection(SolutionConfigurationPlatforms) = preSolution
		Debug|Any CPU = Debug|Any CPU
		Release|Any CPU = Release|Any CPU
	EndGlobalSection
	GlobalSection(ProjectConfigurationPlatforms) = postSolution
		{F78DDBB7-5A4C-4843-B012-D755B098F9AE}.Debug|Any CPU.ActiveCfg = Debug|Any CPU
		{F78DDBB7-5A4C-4843-B012-D755B098F9AE}.Debug|Any CPU.Build.0 = Debug|Any CPU
		{F78DDBB7-5A4C-4843-B012-D755B098F9AE}.Release|Any CPU.ActiveCfg = Release|Any CPU
		{F78DDBB7-5A4C-4843-B012-D755B098F9AE}.Release|Any CPU.Build.0 = Release|Any CPU
	EndGlobalSection
	GlobalSection(SolutionProperties) = preSolution
		HideSolutionNode = FALSE
	EndGlobalSection
	GlobalSection(ExtensibilityGlobals) = postSolution
		SolutionGuid = {AE30470E-1FD1-499F-9BEA-83145E6C0CE2}
	EndGlobalSection
EndGlobal
